
Microsoft Visual Studio Solution File, Format Version 12.00
# Visual Studio Version 16
VisualStudioVersion = 16.0.32228.343
MinimumVisualStudioVersion = 10.0.40219.1
Project("{2150E333-8FDC-42A3-9474-1A3956D46DE8}") = "Services", "Services", "{57439917-9E42-41FE-B7E8-9EB66350FA58}"
EndProject
Project("{2150E333-8FDC-42A3-9474-1A3956D46DE8}") = "Catalog", "Catalog", "{68BDB2A4-ABCB-4B91-B68B-320AE999D620}"
EndProject
Project("{FAE04EC0-301F-11D3-BF4B-00C04F79EFBC}") = "Catalog.API", "Services\Catalog\Catalog.API\Catalog.API.csproj", "{DDF4F671-B1E3-4165-8CDD-C83096A753D1}"
EndProject
Global
	GlobalSection(SolutionConfigurationPlatforms) = preSolution
		Debug|Any CPU = Debug|Any CPU
		Release|Any CPU = Release|Any CPU
	EndGlobalSection
	GlobalSection(ProjectConfigurationPlatforms) = postSolution
		{DDF4F671-B1E3-4165-8CDD-C83096A753D1}.Debug|Any CPU.ActiveCfg = Debug|Any CPU
		{DDF4F671-B1E3-4165-8CDD-C83096A753D1}.Debug|Any CPU.Build.0 = Debug|Any CPU
		{DDF4F671-B1E3-4165-8CDD-C83096A753D1}.Release|Any CPU.ActiveCfg = Release|Any CPU
		{DDF4F671-B1E3-4165-8CDD-C83096A753D1}.Release|Any CPU.Build.0 = Release|Any CPU
	EndGlobalSection
	GlobalSection(SolutionProperties) = preSolution
		HideSolutionNode = FALSE
	EndGlobalSection
	GlobalSection(NestedProjects) = preSolution
		{68BDB2A4-ABCB-4B91-B68B-320AE999D620} = {57439917-9E42-41FE-B7E8-9EB66350FA58}
		{DDF4F671-B1E3-4165-8CDD-C83096A753D1} = {68BDB2A4-ABCB-4B91-B68B-320AE999D620}
	EndGlobalSection
	GlobalSection(ExtensibilityGlobals) = postSolution
		SolutionGuid = {7B3DBE11-615E-4E12-B0DA-30E552294FC1}
	EndGlobalSection
EndGlobal
