
Microsoft Visual Studio Solution File, Format Version 12.00
# Visual Studio Version 17
VisualStudioVersion = 17.1.32319.34
MinimumVisualStudioVersion = 10.0.40219.1
Project("{2150E333-8FDC-42A3-9474-1A3956D46DE8}") = "Services", "Services", "{57439917-9E42-41FE-B7E8-9EB66350FA58}"
EndProject
Project("{2150E333-8FDC-42A3-9474-1A3956D46DE8}") = "Catalog", "Catalog", "{68BDB2A4-ABCB-4B91-B68B-320AE999D620}"
EndProject
Project("{9A19103F-16F7-4668-BE54-9A1E7A4F7556}") = "Catalog.API", "Services\Catalog\Catalog.API\Catalog.API.csproj", "{DDF4F671-B1E3-4165-8CDD-C83096A753D1}"
EndProject
Project("{E53339B2-1760-4266-BCC7-CA923CBCF16C}") = "docker-compose", "docker-compose.dcproj", "{ACF0DF5A-E5BC-4487-AF29-AA99FEEBE9BE}"
EndProject
Project("{2150E333-8FDC-42A3-9474-1A3956D46DE8}") = "Basket", "Basket", "{8F351DF9-2DF3-4B0D-A2DC-5ED0191866C9}"
EndProject
Project("{9A19103F-16F7-4668-BE54-9A1E7A4F7556}") = "Basket.API", "Services\Basket\Basket.API\Basket.API.csproj", "{77174B31-E4F8-4DF2-A4BA-D32BD07DD246}"
EndProject
Project("{2150E333-8FDC-42A3-9474-1A3956D46DE8}") = "Discount", "Discount", "{47BACED7-509D-4375-8E62-37C8DE9E2E30}"
EndProject
Project("{9A19103F-16F7-4668-BE54-9A1E7A4F7556}") = "Discount.API", "Services\Discount\Discount.API\Discount.API.csproj", "{C9E847EC-DC2A-4EC7-92E5-C166989B2640}"
EndProject
Project("{9A19103F-16F7-4668-BE54-9A1E7A4F7556}") = "Discount.Grpc", "Services\Discount\Discount.Grpc\Discount.Grpc.csproj", "{61B35896-6A64-44D3-8989-3CA39EBD73C5}"
EndProject
Project("{2150E333-8FDC-42A3-9474-1A3956D46DE8}") = "Ordering", "Ordering", "{A45226A3-1F1B-4E70-B5D1-B4600A414281}"
EndProject
Project("{FAE04EC0-301F-11D3-BF4B-00C04F79EFBC}") = "Ordering.API", "Services\Ordering\Ordering.API\Ordering.API.csproj", "{A02E5C69-290D-48DE-89ED-93F8807AA038}"
EndProject
Project("{FAE04EC0-301F-11D3-BF4B-00C04F79EFBC}") = "Ordering.Domain", "Services\Ordering\Ordering.Domain\Ordering.Domain.csproj", "{9BDAE869-A39C-45A7-A1C1-9BCABE549D18}"
EndProject
Project("{FAE04EC0-301F-11D3-BF4B-00C04F79EFBC}") = "Ordering.Application", "Services\Ordering\Ordering.Application\Ordering.Application.csproj", "{21B364DA-1B0F-46B2-8C62-442BA4F8722E}"
EndProject
Project("{FAE04EC0-301F-11D3-BF4B-00C04F79EFBC}") = "Ordering.Infrastructure", "Services\Ordering\Ordering.Infrastructure\Ordering.Infrastructure.csproj", "{C3F4D21D-8F81-42BD-91CD-806581C4AF95}"
EndProject
Global
	GlobalSection(SolutionConfigurationPlatforms) = preSolution
		Debug|Any CPU = Debug|Any CPU
		Release|Any CPU = Release|Any CPU
	EndGlobalSection
	GlobalSection(ProjectConfigurationPlatforms) = postSolution
		{DDF4F671-B1E3-4165-8CDD-C83096A753D1}.Debug|Any CPU.ActiveCfg = Debug|Any CPU
		{DDF4F671-B1E3-4165-8CDD-C83096A753D1}.Debug|Any CPU.Build.0 = Debug|Any CPU
		{DDF4F671-B1E3-4165-8CDD-C83096A753D1}.Release|Any CPU.ActiveCfg = Release|Any CPU
		{DDF4F671-B1E3-4165-8CDD-C83096A753D1}.Release|Any CPU.Build.0 = Release|Any CPU
		{ACF0DF5A-E5BC-4487-AF29-AA99FEEBE9BE}.Debug|Any CPU.ActiveCfg = Debug|Any CPU
		{ACF0DF5A-E5BC-4487-AF29-AA99FEEBE9BE}.Debug|Any CPU.Build.0 = Debug|Any CPU
		{ACF0DF5A-E5BC-4487-AF29-AA99FEEBE9BE}.Release|Any CPU.ActiveCfg = Release|Any CPU
		{ACF0DF5A-E5BC-4487-AF29-AA99FEEBE9BE}.Release|Any CPU.Build.0 = Release|Any CPU
		{77174B31-E4F8-4DF2-A4BA-D32BD07DD246}.Debug|Any CPU.ActiveCfg = Debug|Any CPU
		{77174B31-E4F8-4DF2-A4BA-D32BD07DD246}.Debug|Any CPU.Build.0 = Debug|Any CPU
		{77174B31-E4F8-4DF2-A4BA-D32BD07DD246}.Release|Any CPU.ActiveCfg = Release|Any CPU
		{77174B31-E4F8-4DF2-A4BA-D32BD07DD246}.Release|Any CPU.Build.0 = Release|Any CPU
		{C9E847EC-DC2A-4EC7-92E5-C166989B2640}.Debug|Any CPU.ActiveCfg = Debug|Any CPU
		{C9E847EC-DC2A-4EC7-92E5-C166989B2640}.Debug|Any CPU.Build.0 = Debug|Any CPU
		{C9E847EC-DC2A-4EC7-92E5-C166989B2640}.Release|Any CPU.ActiveCfg = Release|Any CPU
		{C9E847EC-DC2A-4EC7-92E5-C166989B2640}.Release|Any CPU.Build.0 = Release|Any CPU
		{61B35896-6A64-44D3-8989-3CA39EBD73C5}.Debug|Any CPU.ActiveCfg = Debug|Any CPU
		{61B35896-6A64-44D3-8989-3CA39EBD73C5}.Debug|Any CPU.Build.0 = Debug|Any CPU
		{61B35896-6A64-44D3-8989-3CA39EBD73C5}.Release|Any CPU.ActiveCfg = Release|Any CPU
		{61B35896-6A64-44D3-8989-3CA39EBD73C5}.Release|Any CPU.Build.0 = Release|Any CPU
		{A02E5C69-290D-48DE-89ED-93F8807AA038}.Debug|Any CPU.ActiveCfg = Debug|Any CPU
		{A02E5C69-290D-48DE-89ED-93F8807AA038}.Debug|Any CPU.Build.0 = Debug|Any CPU
		{A02E5C69-290D-48DE-89ED-93F8807AA038}.Release|Any CPU.ActiveCfg = Release|Any CPU
		{A02E5C69-290D-48DE-89ED-93F8807AA038}.Release|Any CPU.Build.0 = Release|Any CPU
		{9BDAE869-A39C-45A7-A1C1-9BCABE549D18}.Debug|Any CPU.ActiveCfg = Debug|Any CPU
		{9BDAE869-A39C-45A7-A1C1-9BCABE549D18}.Debug|Any CPU.Build.0 = Debug|Any CPU
		{9BDAE869-A39C-45A7-A1C1-9BCABE549D18}.Release|Any CPU.ActiveCfg = Release|Any CPU
		{9BDAE869-A39C-45A7-A1C1-9BCABE549D18}.Release|Any CPU.Build.0 = Release|Any CPU
		{21B364DA-1B0F-46B2-8C62-442BA4F8722E}.Debug|Any CPU.ActiveCfg = Debug|Any CPU
		{21B364DA-1B0F-46B2-8C62-442BA4F8722E}.Debug|Any CPU.Build.0 = Debug|Any CPU
		{21B364DA-1B0F-46B2-8C62-442BA4F8722E}.Release|Any CPU.ActiveCfg = Release|Any CPU
		{21B364DA-1B0F-46B2-8C62-442BA4F8722E}.Release|Any CPU.Build.0 = Release|Any CPU
		{C3F4D21D-8F81-42BD-91CD-806581C4AF95}.Debug|Any CPU.ActiveCfg = Debug|Any CPU
		{C3F4D21D-8F81-42BD-91CD-806581C4AF95}.Debug|Any CPU.Build.0 = Debug|Any CPU
		{C3F4D21D-8F81-42BD-91CD-806581C4AF95}.Release|Any CPU.ActiveCfg = Release|Any CPU
		{C3F4D21D-8F81-42BD-91CD-806581C4AF95}.Release|Any CPU.Build.0 = Release|Any CPU
	EndGlobalSection
	GlobalSection(SolutionProperties) = preSolution
		HideSolutionNode = FALSE
	EndGlobalSection
	GlobalSection(NestedProjects) = preSolution
		{68BDB2A4-ABCB-4B91-B68B-320AE999D620} = {57439917-9E42-41FE-B7E8-9EB66350FA58}
		{DDF4F671-B1E3-4165-8CDD-C83096A753D1} = {68BDB2A4-ABCB-4B91-B68B-320AE999D620}
		{8F351DF9-2DF3-4B0D-A2DC-5ED0191866C9} = {57439917-9E42-41FE-B7E8-9EB66350FA58}
		{77174B31-E4F8-4DF2-A4BA-D32BD07DD246} = {8F351DF9-2DF3-4B0D-A2DC-5ED0191866C9}
		{47BACED7-509D-4375-8E62-37C8DE9E2E30} = {57439917-9E42-41FE-B7E8-9EB66350FA58}
		{C9E847EC-DC2A-4EC7-92E5-C166989B2640} = {47BACED7-509D-4375-8E62-37C8DE9E2E30}
		{61B35896-6A64-44D3-8989-3CA39EBD73C5} = {47BACED7-509D-4375-8E62-37C8DE9E2E30}
		{A45226A3-1F1B-4E70-B5D1-B4600A414281} = {57439917-9E42-41FE-B7E8-9EB66350FA58}
		{A02E5C69-290D-48DE-89ED-93F8807AA038} = {A45226A3-1F1B-4E70-B5D1-B4600A414281}
		{9BDAE869-A39C-45A7-A1C1-9BCABE549D18} = {A45226A3-1F1B-4E70-B5D1-B4600A414281}
		{21B364DA-1B0F-46B2-8C62-442BA4F8722E} = {A45226A3-1F1B-4E70-B5D1-B4600A414281}
		{C3F4D21D-8F81-42BD-91CD-806581C4AF95} = {A45226A3-1F1B-4E70-B5D1-B4600A414281}
	EndGlobalSection
	GlobalSection(ExtensibilityGlobals) = postSolution
		SolutionGuid = {7B3DBE11-615E-4E12-B0DA-30E552294FC1}
	EndGlobalSection
EndGlobal
