
Microsoft Visual Studio Solution File, Format Version 12.00
# Visual Studio Version 17
VisualStudioVersion = 17.1.32319.34
MinimumVisualStudioVersion = 10.0.40219.1
Project("{2150E333-8FDC-42A3-9474-1A3956D46DE8}") = "Services", "Services", "{57439917-9E42-41FE-B7E8-9EB66350FA58}"
EndProject
Project("{2150E333-8FDC-42A3-9474-1A3956D46DE8}") = "Catalog", "Catalog", "{68BDB2A4-ABCB-4B91-B68B-320AE999D620}"
EndProject
Project("{9A19103F-16F7-4668-BE54-9A1E7A4F7556}") = "Catalog.API", "Services\Catalog\Catalog.API\Catalog.API.csproj", "{DDF4F671-B1E3-4165-8CDD-C83096A753D1}"
EndProject
Project("{E53339B2-1760-4266-BCC7-CA923CBCF16C}") = "docker-compose", "docker-compose.dcproj", "{ACF0DF5A-E5BC-4487-AF29-AA99FEEBE9BE}"
EndProject
Project("{2150E333-8FDC-42A3-9474-1A3956D46DE8}") = "Basket", "Basket", "{8F351DF9-2DF3-4B0D-A2DC-5ED0191866C9}"
EndProject
Project("{9A19103F-16F7-4668-BE54-9A1E7A4F7556}") = "Basket.API", "Services\Basket\Basket.API\Basket.API.csproj", "{77174B31-E4F8-4DF2-A4BA-D32BD07DD246}"
EndProject
Project("{2150E333-8FDC-42A3-9474-1A3956D46DE8}") = "Discount", "Discount", "{47BACED7-509D-4375-8E62-37C8DE9E2E30}"
EndProject
Project("{FAE04EC0-301F-11D3-BF4B-00C04F79EFBC}") = "Discount.API", "Services\Discount\Discount.API\Discount.API.csproj", "{C9E847EC-DC2A-4EC7-92E5-C166989B2640}"
EndProject
Global
	GlobalSection(SolutionConfigurationPlatforms) = preSolution
		Debug|Any CPU = Debug|Any CPU
		Release|Any CPU = Release|Any CPU
	EndGlobalSection
	GlobalSection(ProjectConfigurationPlatforms) = postSolution
		{DDF4F671-B1E3-4165-8CDD-C83096A753D1}.Debug|Any CPU.ActiveCfg = Debug|Any CPU
		{DDF4F671-B1E3-4165-8CDD-C83096A753D1}.Debug|Any CPU.Build.0 = Debug|Any CPU
		{DDF4F671-B1E3-4165-8CDD-C83096A753D1}.Release|Any CPU.ActiveCfg = Release|Any CPU
		{DDF4F671-B1E3-4165-8CDD-C83096A753D1}.Release|Any CPU.Build.0 = Release|Any CPU
		{ACF0DF5A-E5BC-4487-AF29-AA99FEEBE9BE}.Debug|Any CPU.ActiveCfg = Debug|Any CPU
		{ACF0DF5A-E5BC-4487-AF29-AA99FEEBE9BE}.Debug|Any CPU.Build.0 = Debug|Any CPU
		{ACF0DF5A-E5BC-4487-AF29-AA99FEEBE9BE}.Release|Any CPU.ActiveCfg = Release|Any CPU
		{ACF0DF5A-E5BC-4487-AF29-AA99FEEBE9BE}.Release|Any CPU.Build.0 = Release|Any CPU
		{77174B31-E4F8-4DF2-A4BA-D32BD07DD246}.Debug|Any CPU.ActiveCfg = Debug|Any CPU
		{77174B31-E4F8-4DF2-A4BA-D32BD07DD246}.Debug|Any CPU.Build.0 = Debug|Any CPU
		{77174B31-E4F8-4DF2-A4BA-D32BD07DD246}.Release|Any CPU.ActiveCfg = Release|Any CPU
		{77174B31-E4F8-4DF2-A4BA-D32BD07DD246}.Release|Any CPU.Build.0 = Release|Any CPU
		{C9E847EC-DC2A-4EC7-92E5-C166989B2640}.Debug|Any CPU.ActiveCfg = Debug|Any CPU
		{C9E847EC-DC2A-4EC7-92E5-C166989B2640}.Debug|Any CPU.Build.0 = Debug|Any CPU
		{C9E847EC-DC2A-4EC7-92E5-C166989B2640}.Release|Any CPU.ActiveCfg = Release|Any CPU
		{C9E847EC-DC2A-4EC7-92E5-C166989B2640}.Release|Any CPU.Build.0 = Release|Any CPU
	EndGlobalSection
	GlobalSection(SolutionProperties) = preSolution
		HideSolutionNode = FALSE
	EndGlobalSection
	GlobalSection(NestedProjects) = preSolution
		{68BDB2A4-ABCB-4B91-B68B-320AE999D620} = {57439917-9E42-41FE-B7E8-9EB66350FA58}
		{DDF4F671-B1E3-4165-8CDD-C83096A753D1} = {68BDB2A4-ABCB-4B91-B68B-320AE999D620}
		{8F351DF9-2DF3-4B0D-A2DC-5ED0191866C9} = {57439917-9E42-41FE-B7E8-9EB66350FA58}
		{77174B31-E4F8-4DF2-A4BA-D32BD07DD246} = {8F351DF9-2DF3-4B0D-A2DC-5ED0191866C9}
		{47BACED7-509D-4375-8E62-37C8DE9E2E30} = {57439917-9E42-41FE-B7E8-9EB66350FA58}
		{C9E847EC-DC2A-4EC7-92E5-C166989B2640} = {47BACED7-509D-4375-8E62-37C8DE9E2E30}
	EndGlobalSection
	GlobalSection(ExtensibilityGlobals) = postSolution
		SolutionGuid = {7B3DBE11-615E-4E12-B0DA-30E552294FC1}
	EndGlobalSection
EndGlobal
